
Microsoft Visual Studio Solution File, Format Version 12.00
# Visual Studio Version 16
VisualStudioVersion = 16.0.30621.155
MinimumVisualStudioVersion = 10.0.40219.1
Project("{FAE04EC0-301F-11D3-BF4B-00C04F79EFBC}") = "Open-Lab-10.01", "..\Open-Lab-10.01\Open-Lab-10.01\Open-Lab-10.01.csproj", "{42B86369-98CE-4759-A9F8-F540FBC11694}"
EndProject
Global
	GlobalSection(SolutionConfigurationPlatforms) = preSolution
		Debug|Any CPU = Debug|Any CPU
		Release|Any CPU = Release|Any CPU
	EndGlobalSection
	GlobalSection(ProjectConfigurationPlatforms) = postSolution
		{42B86369-98CE-4759-A9F8-F540FBC11694}.Debug|Any CPU.ActiveCfg = Debug|Any CPU
		{42B86369-98CE-4759-A9F8-F540FBC11694}.Debug|Any CPU.Build.0 = Debug|Any CPU
		{42B86369-98CE-4759-A9F8-F540FBC11694}.Release|Any CPU.ActiveCfg = Release|Any CPU
		{42B86369-98CE-4759-A9F8-F540FBC11694}.Release|Any CPU.Build.0 = Release|Any CPU
	EndGlobalSection
	GlobalSection(SolutionProperties) = preSolution
		HideSolutionNode = FALSE
	EndGlobalSection
	GlobalSection(ExtensibilityGlobals) = postSolution
		SolutionGuid = {3613F574-6292-4632-A8D2-09FC3CC7A0E1}
	EndGlobalSection
EndGlobal
